// !$*UTF8*$!
{
	archiveVersion = 1;
	classes = {
	};
	objectVersion = 50;
	objects = {

/* Begin PBXBuildFile section */
		F438EA5D2146BDF200ABE3E8 /* AppDelegate.swift in Sources */ = {isa = PBXBuildFile; fileRef = F438EA5C2146BDF200ABE3E8 /* AppDelegate.swift */; };
		F438EA642146BDF400ABE3E8 /* Assets.xcassets in Resources */ = {isa = PBXBuildFile; fileRef = F438EA632146BDF400ABE3E8 /* Assets.xcassets */; };
		F438EA672146BDF400ABE3E8 /* LaunchScreen.storyboard in Resources */ = {isa = PBXBuildFile; fileRef = F438EA652146BDF400ABE3E8 /* LaunchScreen.storyboard */; };
		F438EA752146C1AD00ABE3E8 /* ZDRootTabBarController.swift in Sources */ = {isa = PBXBuildFile; fileRef = F438EA742146C1AD00ABE3E8 /* ZDRootTabBarController.swift */; };
		F438EA7B2146C2B500ABE3E8 /* BaseViewController.swift in Sources */ = {isa = PBXBuildFile; fileRef = F438EA7A2146C2B500ABE3E8 /* BaseViewController.swift */; };
		F438EA7D2146C2E800ABE3E8 /* BaseNavControllerViewController.swift in Sources */ = {isa = PBXBuildFile; fileRef = F438EA7C2146C2E800ABE3E8 /* BaseNavControllerViewController.swift */; };
		F438EA7F2146C36200ABE3E8 /* DefineAppTabbar.swift in Sources */ = {isa = PBXBuildFile; fileRef = F438EA7E2146C36200ABE3E8 /* DefineAppTabbar.swift */; };
		F438EA812146C41E00ABE3E8 /* UIColor+Hue.swift in Sources */ = {isa = PBXBuildFile; fileRef = F438EA802146C41E00ABE3E8 /* UIColor+Hue.swift */; };
		F438EA832146C6BF00ABE3E8 /* HomeMainViewController.swift in Sources */ = {isa = PBXBuildFile; fileRef = F438EA822146C6BF00ABE3E8 /* HomeMainViewController.swift */; };
		F438EA852146C6EA00ABE3E8 /* DetailMainViewController.swift in Sources */ = {isa = PBXBuildFile; fileRef = F438EA842146C6EA00ABE3E8 /* DetailMainViewController.swift */; };
		F438EA872146C71300ABE3E8 /* MyCenterMainViewController.swift in Sources */ = {isa = PBXBuildFile; fileRef = F438EA862146C71300ABE3E8 /* MyCenterMainViewController.swift */; };
		F438EA892146C94E00ABE3E8 /* BaseAppWindow.swift in Sources */ = {isa = PBXBuildFile; fileRef = F438EA882146C94E00ABE3E8 /* BaseAppWindow.swift */; };
/* End PBXBuildFile section */

/* Begin PBXFileReference section */
		F438EA592146BDF200ABE3E8 /* RecordKnots.app */ = {isa = PBXFileReference; explicitFileType = wrapper.application; includeInIndex = 0; path = RecordKnots.app; sourceTree = BUILT_PRODUCTS_DIR; };
		F438EA5C2146BDF200ABE3E8 /* AppDelegate.swift */ = {isa = PBXFileReference; lastKnownFileType = sourcecode.swift; path = AppDelegate.swift; sourceTree = "<group>"; };
		F438EA632146BDF400ABE3E8 /* Assets.xcassets */ = {isa = PBXFileReference; lastKnownFileType = folder.assetcatalog; path = Assets.xcassets; sourceTree = "<group>"; };
		F438EA662146BDF400ABE3E8 /* Base */ = {isa = PBXFileReference; lastKnownFileType = file.storyboard; name = Base; path = Base.lproj/LaunchScreen.storyboard; sourceTree = "<group>"; };
		F438EA682146BDF400ABE3E8 /* Info.plist */ = {isa = PBXFileReference; lastKnownFileType = text.plist.xml; path = Info.plist; sourceTree = "<group>"; };
		F438EA742146C1AD00ABE3E8 /* ZDRootTabBarController.swift */ = {isa = PBXFileReference; lastKnownFileType = sourcecode.swift; path = ZDRootTabBarController.swift; sourceTree = "<group>"; };
		F438EA7A2146C2B500ABE3E8 /* BaseViewController.swift */ = {isa = PBXFileReference; lastKnownFileType = sourcecode.swift; path = BaseViewController.swift; sourceTree = "<group>"; };
		F438EA7C2146C2E800ABE3E8 /* BaseNavControllerViewController.swift */ = {isa = PBXFileReference; lastKnownFileType = sourcecode.swift; path = BaseNavControllerViewController.swift; sourceTree = "<group>"; };
		F438EA7E2146C36200ABE3E8 /* DefineAppTabbar.swift */ = {isa = PBXFileReference; lastKnownFileType = sourcecode.swift; path = DefineAppTabbar.swift; sourceTree = "<group>"; };
		F438EA802146C41E00ABE3E8 /* UIColor+Hue.swift */ = {isa = PBXFileReference; fileEncoding = 4; lastKnownFileType = sourcecode.swift; path = "UIColor+Hue.swift"; sourceTree = "<group>"; };
		F438EA822146C6BF00ABE3E8 /* HomeMainViewController.swift */ = {isa = PBXFileReference; lastKnownFileType = sourcecode.swift; path = HomeMainViewController.swift; sourceTree = "<group>"; };
		F438EA842146C6EA00ABE3E8 /* DetailMainViewController.swift */ = {isa = PBXFileReference; lastKnownFileType = sourcecode.swift; path = DetailMainViewController.swift; sourceTree = "<group>"; };
		F438EA862146C71300ABE3E8 /* MyCenterMainViewController.swift */ = {isa = PBXFileReference; lastKnownFileType = sourcecode.swift; path = MyCenterMainViewController.swift; sourceTree = "<group>"; };
		F438EA882146C94E00ABE3E8 /* BaseAppWindow.swift */ = {isa = PBXFileReference; lastKnownFileType = sourcecode.swift; path = BaseAppWindow.swift; sourceTree = "<group>"; };
/* End PBXFileReference section */

/* Begin PBXFrameworksBuildPhase section */
		F438EA562146BDF200ABE3E8 /* Frameworks */ = {
			isa = PBXFrameworksBuildPhase;
			buildActionMask = 2147483647;
			files = (
			);
			runOnlyForDeploymentPostprocessing = 0;
		};
/* End PBXFrameworksBuildPhase section */

/* Begin PBXGroup section */
		F438EA502146BDF100ABE3E8 = {
			isa = PBXGroup;
			children = (
				F438EA5B2146BDF200ABE3E8 /* RecordKnots */,
				F438EA5A2146BDF200ABE3E8 /* Products */,
			);
			sourceTree = "<group>";
		};
		F438EA5A2146BDF200ABE3E8 /* Products */ = {
			isa = PBXGroup;
			children = (
				F438EA592146BDF200ABE3E8 /* RecordKnots.app */,
			);
			name = Products;
			sourceTree = "<group>";
		};
		F438EA5B2146BDF200ABE3E8 /* RecordKnots */ = {
			isa = PBXGroup;
			children = (
				F438EA762146C26600ABE3E8 /* Define */,
				F438EA712146C09100ABE3E8 /* Until */,
				F438EA702146C07200ABE3E8 /* Base */,
				F438EA6F2146C05200ABE3E8 /* Recoures */,
				F438EA732146C10400ABE3E8 /* Manager */,
				F438EA722146C0CC00ABE3E8 /* Modules */,
				F438EA6E2146BF8300ABE3E8 /* Other */,
				F438EA682146BDF400ABE3E8 /* Info.plist */,
			);
			path = RecordKnots;
			sourceTree = "<group>";
		};
		F438EA6E2146BF8300ABE3E8 /* Other */ = {
			isa = PBXGroup;
			children = (
				F438EA5C2146BDF200ABE3E8 /* AppDelegate.swift */,
				F438EA742146C1AD00ABE3E8 /* ZDRootTabBarController.swift */,
				F438EA652146BDF400ABE3E8 /* LaunchScreen.storyboard */,
			);
			path = Other;
			sourceTree = "<group>";
		};
		F438EA6F2146C05200ABE3E8 /* Recoures */ = {
			isa = PBXGroup;
			children = (
				F438EA632146BDF400ABE3E8 /* Assets.xcassets */,
			);
			path = Recoures;
			sourceTree = "<group>";
		};
		F438EA702146C07200ABE3E8 /* Base */ = {
			isa = PBXGroup;
			children = (
				F438EA7A2146C2B500ABE3E8 /* BaseViewController.swift */,
				F438EA7C2146C2E800ABE3E8 /* BaseNavControllerViewController.swift */,
				F438EA882146C94E00ABE3E8 /* BaseAppWindow.swift */,
			);
			path = Base;
			sourceTree = "<group>";
		};
		F438EA712146C09100ABE3E8 /* Until */ = {
			isa = PBXGroup;
			children = (
				F438EA802146C41E00ABE3E8 /* UIColor+Hue.swift */,
			);
			path = Until;
			sourceTree = "<group>";
		};
		F438EA722146C0CC00ABE3E8 /* Modules */ = {
			isa = PBXGroup;
			children = (
				F438EA772146C27400ABE3E8 /* Home */,
				F438EA792146C29200ABE3E8 /* Detail */,
				F438EA782146C28700ABE3E8 /* Center */,
			);
			path = Modules;
			sourceTree = "<group>";
		};
		F438EA732146C10400ABE3E8 /* Manager */ = {
			isa = PBXGroup;
			children = (
			);
			name = Manager;
			path = RecordKnots/Manager;
			sourceTree = SOURCE_ROOT;
		};
		F438EA762146C26600ABE3E8 /* Define */ = {
			isa = PBXGroup;
			children = (
				F438EA7E2146C36200ABE3E8 /* DefineAppTabbar.swift */,
			);
			path = Define;
			sourceTree = "<group>";
		};
		F438EA772146C27400ABE3E8 /* Home */ = {
			isa = PBXGroup;
			children = (
				F438EA822146C6BF00ABE3E8 /* HomeMainViewController.swift */,
			);
			path = Home;
			sourceTree = "<group>";
		};
		F438EA782146C28700ABE3E8 /* Center */ = {
			isa = PBXGroup;
			children = (
				F438EA862146C71300ABE3E8 /* MyCenterMainViewController.swift */,
			);
			path = Center;
			sourceTree = "<group>";
		};
		F438EA792146C29200ABE3E8 /* Detail */ = {
			isa = PBXGroup;
			children = (
				F438EA842146C6EA00ABE3E8 /* DetailMainViewController.swift */,
			);
			path = Detail;
			sourceTree = "<group>";
		};
/* End PBXGroup section */

/* Begin PBXNativeTarget section */
		F438EA582146BDF200ABE3E8 /* RecordKnots */ = {
			isa = PBXNativeTarget;
			buildConfigurationList = F438EA6B2146BDF400ABE3E8 /* Build configuration list for PBXNativeTarget "RecordKnots" */;
			buildPhases = (
				F438EA552146BDF200ABE3E8 /* Sources */,
				F438EA562146BDF200ABE3E8 /* Frameworks */,
				F438EA572146BDF200ABE3E8 /* Resources */,
			);
			buildRules = (
			);
			dependencies = (
			);
			name = RecordKnots;
			productName = RecordKnots;
			productReference = F438EA592146BDF200ABE3E8 /* RecordKnots.app */;
			productType = "com.apple.product-type.application";
		};
/* End PBXNativeTarget section */

/* Begin PBXProject section */
		F438EA512146BDF100ABE3E8 /* Project object */ = {
			isa = PBXProject;
			attributes = {
				LastSwiftUpdateCheck = 0940;
				LastUpgradeCheck = 0940;
				ORGANIZATIONNAME = "张冬";
				TargetAttributes = {
					F438EA582146BDF200ABE3E8 = {
						CreatedOnToolsVersion = 9.4.1;
					};
				};
			};
			buildConfigurationList = F438EA542146BDF100ABE3E8 /* Build configuration list for PBXProject "RecordKnots" */;
			compatibilityVersion = "Xcode 9.3";
			developmentRegion = en;
			hasScannedForEncodings = 0;
			knownRegions = (
				en,
				Base,
			);
			mainGroup = F438EA502146BDF100ABE3E8;
			productRefGroup = F438EA5A2146BDF200ABE3E8 /* Products */;
			projectDirPath = "";
			projectRoot = "";
			targets = (
				F438EA582146BDF200ABE3E8 /* RecordKnots */,
			);
		};
/* End PBXProject section */

/* Begin PBXResourcesBuildPhase section */
		F438EA572146BDF200ABE3E8 /* Resources */ = {
			isa = PBXResourcesBuildPhase;
			buildActionMask = 2147483647;
			files = (
				F438EA672146BDF400ABE3E8 /* LaunchScreen.storyboard in Resources */,
				F438EA642146BDF400ABE3E8 /* Assets.xcassets in Resources */,
			);
			runOnlyForDeploymentPostprocessing = 0;
		};
/* End PBXResourcesBuildPhase section */

/* Begin PBXSourcesBuildPhase section */
		F438EA552146BDF200ABE3E8 /* Sources */ = {
			isa = PBXSourcesBuildPhase;
			buildActionMask = 2147483647;
			files = (
				F438EA852146C6EA00ABE3E8 /* DetailMainViewController.swift in Sources */,
				F438EA812146C41E00ABE3E8 /* UIColor+Hue.swift in Sources */,
				F438EA7F2146C36200ABE3E8 /* DefineAppTabbar.swift in Sources */,
				F438EA5D2146BDF200ABE3E8 /* AppDelegate.swift in Sources */,
				F438EA872146C71300ABE3E8 /* MyCenterMainViewController.swift in Sources */,
				F438EA752146C1AD00ABE3E8 /* ZDRootTabBarController.swift in Sources */,
				F438EA7B2146C2B500ABE3E8 /* BaseViewController.swift in Sources */,
				F438EA7D2146C2E800ABE3E8 /* BaseNavControllerViewController.swift in Sources */,
				F438EA892146C94E00ABE3E8 /* BaseAppWindow.swift in Sources */,
				F438EA832146C6BF00ABE3E8 /* HomeMainViewController.swift in Sources */,
			);
			runOnlyForDeploymentPostprocessing = 0;
		};
/* End PBXSourcesBuildPhase section */

/* Begin PBXVariantGroup section */
		F438EA652146BDF400ABE3E8 /* LaunchScreen.storyboard */ = {
			isa = PBXVariantGroup;
			children = (
				F438EA662146BDF400ABE3E8 /* Base */,
			);
			name = LaunchScreen.storyboard;
			sourceTree = "<group>";
		};
/* End PBXVariantGroup section */

/* Begin XCBuildConfiguration section */
		F438EA692146BDF400ABE3E8 /* Debug */ = {
			isa = XCBuildConfiguration;
			buildSettings = {
				ALWAYS_SEARCH_USER_PATHS = NO;
				CLANG_ANALYZER_NONNULL = YES;
				CLANG_ANALYZER_NUMBER_OBJECT_CONVERSION = YES_AGGRESSIVE;
				CLANG_CXX_LANGUAGE_STANDARD = "gnu++14";
				CLANG_CXX_LIBRARY = "libc++";
				CLANG_ENABLE_MODULES = YES;
				CLANG_ENABLE_OBJC_ARC = YES;
				CLANG_ENABLE_OBJC_WEAK = YES;
				CLANG_WARN_BLOCK_CAPTURE_AUTORELEASING = YES;
				CLANG_WARN_BOOL_CONVERSION = YES;
				CLANG_WARN_COMMA = YES;
				CLANG_WARN_CONSTANT_CONVERSION = YES;
				CLANG_WARN_DEPRECATED_OBJC_IMPLEMENTATIONS = YES;
				CLANG_WARN_DIRECT_OBJC_ISA_USAGE = YES_ERROR;
				CLANG_WARN_DOCUMENTATION_COMMENTS = YES;
				CLANG_WARN_EMPTY_BODY = YES;
				CLANG_WARN_ENUM_CONVERSION = YES;
				CLANG_WARN_INFINITE_RECURSION = YES;
				CLANG_WARN_INT_CONVERSION = YES;
				CLANG_WARN_NON_LITERAL_NULL_CONVERSION = YES;
				CLANG_WARN_OBJC_IMPLICIT_RETAIN_SELF = YES;
				CLANG_WARN_OBJC_LITERAL_CONVERSION = YES;
				CLANG_WARN_OBJC_ROOT_CLASS = YES_ERROR;
				CLANG_WARN_RANGE_LOOP_ANALYSIS = YES;
				CLANG_WARN_STRICT_PROTOTYPES = YES;
				CLANG_WARN_SUSPICIOUS_MOVE = YES;
				CLANG_WARN_UNGUARDED_AVAILABILITY = YES_AGGRESSIVE;
				CLANG_WARN_UNREACHABLE_CODE = YES;
				CLANG_WARN__DUPLICATE_METHOD_MATCH = YES;
				CODE_SIGN_IDENTITY = "iPhone Developer";
				COPY_PHASE_STRIP = NO;
				DEBUG_INFORMATION_FORMAT = dwarf;
				ENABLE_STRICT_OBJC_MSGSEND = YES;
				ENABLE_TESTABILITY = YES;
				GCC_C_LANGUAGE_STANDARD = gnu11;
				GCC_DYNAMIC_NO_PIC = NO;
				GCC_NO_COMMON_BLOCKS = YES;
				GCC_OPTIMIZATION_LEVEL = 0;
				GCC_PREPROCESSOR_DEFINITIONS = (
					"DEBUG=1",
					"$(inherited)",
				);
				GCC_WARN_64_TO_32_BIT_CONVERSION = YES;
				GCC_WARN_ABOUT_RETURN_TYPE = YES_ERROR;
				GCC_WARN_UNDECLARED_SELECTOR = YES;
				GCC_WARN_UNINITIALIZED_AUTOS = YES_AGGRESSIVE;
				GCC_WARN_UNUSED_FUNCTION = YES;
				GCC_WARN_UNUSED_VARIABLE = YES;
				IPHONEOS_DEPLOYMENT_TARGET = 11.4;
				MTL_ENABLE_DEBUG_INFO = YES;
				ONLY_ACTIVE_ARCH = YES;
				SDKROOT = iphoneos;
				SWIFT_ACTIVE_COMPILATION_CONDITIONS = DEBUG;
				SWIFT_OPTIMIZATION_LEVEL = "-Onone";
			};
			name = Debug;
		};
		F438EA6A2146BDF400ABE3E8 /* Release */ = {
			isa = XCBuildConfiguration;
			buildSettings = {
				ALWAYS_SEARCH_USER_PATHS = NO;
				CLANG_ANALYZER_NONNULL = YES;
				CLANG_ANALYZER_NUMBER_OBJECT_CONVERSION = YES_AGGRESSIVE;
				CLANG_CXX_LANGUAGE_STANDARD = "gnu++14";
				CLANG_CXX_LIBRARY = "libc++";
				CLANG_ENABLE_MODULES = YES;
				CLANG_ENABLE_OBJC_ARC = YES;
				CLANG_ENABLE_OBJC_WEAK = YES;
				CLANG_WARN_BLOCK_CAPTURE_AUTORELEASING = YES;
				CLANG_WARN_BOOL_CONVERSION = YES;
				CLANG_WARN_COMMA = YES;
				CLANG_WARN_CONSTANT_CONVERSION = YES;
				CLANG_WARN_DEPRECATED_OBJC_IMPLEMENTATIONS = YES;
				CLANG_WARN_DIRECT_OBJC_ISA_USAGE = YES_ERROR;
				CLANG_WARN_DOCUMENTATION_COMMENTS = YES;
				CLANG_WARN_EMPTY_BODY = YES;
				CLANG_WARN_ENUM_CONVERSION = YES;
				CLANG_WARN_INFINITE_RECURSION = YES;
				CLANG_WARN_INT_CONVERSION = YES;
				CLANG_WARN_NON_LITERAL_NULL_CONVERSION = YES;
				CLANG_WARN_OBJC_IMPLICIT_RETAIN_SELF = YES;
				CLANG_WARN_OBJC_LITERAL_CONVERSION = YES;
				CLANG_WARN_OBJC_ROOT_CLASS = YES_ERROR;
				CLANG_WARN_RANGE_LOOP_ANALYSIS = YES;
				CLANG_WARN_STRICT_PROTOTYPES = YES;
				CLANG_WARN_SUSPICIOUS_MOVE = YES;
				CLANG_WARN_UNGUARDED_AVAILABILITY = YES_AGGRESSIVE;
				CLANG_WARN_UNREACHABLE_CODE = YES;
				CLANG_WARN__DUPLICATE_METHOD_MATCH = YES;
				CODE_SIGN_IDENTITY = "iPhone Developer";
				COPY_PHASE_STRIP = NO;
				DEBUG_INFORMATION_FORMAT = "dwarf-with-dsym";
				ENABLE_NS_ASSERTIONS = NO;
				ENABLE_STRICT_OBJC_MSGSEND = YES;
				GCC_C_LANGUAGE_STANDARD = gnu11;
				GCC_NO_COMMON_BLOCKS = YES;
				GCC_WARN_64_TO_32_BIT_CONVERSION = YES;
				GCC_WARN_ABOUT_RETURN_TYPE = YES_ERROR;
				GCC_WARN_UNDECLARED_SELECTOR = YES;
				GCC_WARN_UNINITIALIZED_AUTOS = YES_AGGRESSIVE;
				GCC_WARN_UNUSED_FUNCTION = YES;
				GCC_WARN_UNUSED_VARIABLE = YES;
				IPHONEOS_DEPLOYMENT_TARGET = 11.4;
				MTL_ENABLE_DEBUG_INFO = NO;
				SDKROOT = iphoneos;
				SWIFT_COMPILATION_MODE = wholemodule;
				SWIFT_OPTIMIZATION_LEVEL = "-O";
				VALIDATE_PRODUCT = YES;
			};
			name = Release;
		};
		F438EA6C2146BDF400ABE3E8 /* Debug */ = {
			isa = XCBuildConfiguration;
			buildSettings = {
				ASSETCATALOG_COMPILER_APPICON_NAME = AppIcon;
				CODE_SIGN_STYLE = Automatic;
				DEVELOPMENT_TEAM = 76BMF3T3AW;
				INFOPLIST_FILE = RecordKnots/Info.plist;
				IPHONEOS_DEPLOYMENT_TARGET = 9.3;
				LD_RUNPATH_SEARCH_PATHS = (
					"$(inherited)",
					"@executable_path/Frameworks",
				);
				PRODUCT_BUNDLE_IDENTIFIER = zd.RecordKnots;
				PRODUCT_NAME = "$(TARGET_NAME)";
				SWIFT_VERSION = 4.0;
				TARGETED_DEVICE_FAMILY = 1;
			};
			name = Debug;
		};
		F438EA6D2146BDF400ABE3E8 /* Release */ = {
			isa = XCBuildConfiguration;
			buildSettings = {
				ASSETCATALOG_COMPILER_APPICON_NAME = AppIcon;
				CODE_SIGN_STYLE = Automatic;
				DEVELOPMENT_TEAM = 76BMF3T3AW;
				INFOPLIST_FILE = RecordKnots/Info.plist;
				IPHONEOS_DEPLOYMENT_TARGET = 9.3;
				LD_RUNPATH_SEARCH_PATHS = (
					"$(inherited)",
					"@executable_path/Frameworks",
				);
				PRODUCT_BUNDLE_IDENTIFIER = zd.RecordKnots;
				PRODUCT_NAME = "$(TARGET_NAME)";
				SWIFT_VERSION = 4.0;
				TARGETED_DEVICE_FAMILY = 1;
			};
			name = Release;
		};
/* End XCBuildConfiguration section */

/* Begin XCConfigurationList section */
		F438EA542146BDF100ABE3E8 /* Build configuration list for PBXProject "RecordKnots" */ = {
			isa = XCConfigurationList;
			buildConfigurations = (
				F438EA692146BDF400ABE3E8 /* Debug */,
				F438EA6A2146BDF400ABE3E8 /* Release */,
			);
			defaultConfigurationIsVisible = 0;
			defaultConfigurationName = Release;
		};
		F438EA6B2146BDF400ABE3E8 /* Build configuration list for PBXNativeTarget "RecordKnots" */ = {
			isa = XCConfigurationList;
			buildConfigurations = (
				F438EA6C2146BDF400ABE3E8 /* Debug */,
				F438EA6D2146BDF400ABE3E8 /* Release */,
			);
			defaultConfigurationIsVisible = 0;
			defaultConfigurationName = Release;
		};
/* End XCConfigurationList section */
	};
	rootObject = F438EA512146BDF100ABE3E8 /* Project object */;
}
